
Microsoft Visual Studio Solution File, Format Version 12.00
# Visual Studio Version 17
VisualStudioVersion = 17.14.36705.20 d17.14
MinimumVisualStudioVersion = 10.0.40219.1
Project("{8BC9CEB8-8B4A-11D0-8D11-00A0C91BC942}") = "DecisionMaking", "DecisionMaking\DecisionMaking.vcxproj", "{ECFA0A22-E641-45A8-8E58-DDE2B6E4D058}"
EndProject
Project("{9A19103F-16F7-4668-BE54-9A1E7A4F7556}") = "G5.Logic", "G5.Logic\G5.Logic.csproj", "{8DA9E727-AADE-4B76-9784-E49B289A8BB7}"
	ProjectSection(ProjectDependencies) = postProject
		{ECFA0A22-E641-45A8-8E58-DDE2B6E4D058} = {ECFA0A22-E641-45A8-8E58-DDE2B6E4D058}
	EndProjectSection
EndProject
Project("{9A19103F-16F7-4668-BE54-9A1E7A4F7556}") = "G5.Acpc", "G5.Acpc\G5.Acpc.csproj", "{3E8BE8F2-6DB8-4E4B-ABF5-C6B133F8ED40}"
EndProject
Project("{FAE04EC0-301F-11D3-BF4B-00C04F79EFBC}") = "G5.Controls", "G5.Controls\G5.Controls.csproj", "{3E38024B-FBF1-4B01-80ED-248267443F1C}"
EndProject
Project("{FAE04EC0-301F-11D3-BF4B-00C04F79EFBC}") = "G5.PlayVsBots", "G5.PlayVsBots\G5.PlayVsBots.csproj", "{128782A3-F87A-4E5E-8152-8BC0D782B30E}"
EndProject
Project("{9A19103F-16F7-4668-BE54-9A1E7A4F7556}") = "G5Gym", "G5Gym\G5Gym.csproj", "{77491BC2-A38E-449D-932E-AE1943E60A80}"
EndProject
Project("{8BC9CEB8-8B4A-11D0-8D11-00A0C91BC942}") = "G5_OH_Bridge", "G5_OH_Bridge\G5_OH_Bridge.vcxproj", "{D43F85BA-A059-4B0E-A166-8527B9B7EE56}"
EndProject
Global
	GlobalSection(SolutionConfigurationPlatforms) = preSolution
		Debug|Win32 = Debug|Win32
		Debug|x64 = Debug|x64
		Debug|x86 = Debug|x86
		Release|Win32 = Release|Win32
		Release|x64 = Release|x64
		Release|x86 = Release|x86
		Release-final|Win32 = Release-final|Win32
		Release-final|x64 = Release-final|x64
		Release-final|x86 = Release-final|x86
	EndGlobalSection
	GlobalSection(ProjectConfigurationPlatforms) = postSolution
		{ECFA0A22-E641-45A8-8E58-DDE2B6E4D058}.Debug|Win32.ActiveCfg = Debug|Win32
		{ECFA0A22-E641-45A8-8E58-DDE2B6E4D058}.Debug|Win32.Build.0 = Debug|Win32
		{ECFA0A22-E641-45A8-8E58-DDE2B6E4D058}.Debug|x64.ActiveCfg = Debug|x64
		{ECFA0A22-E641-45A8-8E58-DDE2B6E4D058}.Debug|x64.Build.0 = Debug|x64
		{ECFA0A22-E641-45A8-8E58-DDE2B6E4D058}.Debug|x86.ActiveCfg = Debug|Win32
		{ECFA0A22-E641-45A8-8E58-DDE2B6E4D058}.Debug|x86.Build.0 = Debug|Win32
		{ECFA0A22-E641-45A8-8E58-DDE2B6E4D058}.Release|Win32.ActiveCfg = Release|Win32
		{ECFA0A22-E641-45A8-8E58-DDE2B6E4D058}.Release|Win32.Build.0 = Release|Win32
		{ECFA0A22-E641-45A8-8E58-DDE2B6E4D058}.Release|x64.ActiveCfg = Release|x64
		{ECFA0A22-E641-45A8-8E58-DDE2B6E4D058}.Release|x64.Build.0 = Release|x64
		{ECFA0A22-E641-45A8-8E58-DDE2B6E4D058}.Release|x86.ActiveCfg = Release|Win32
		{ECFA0A22-E641-45A8-8E58-DDE2B6E4D058}.Release|x86.Build.0 = Release|Win32
		{ECFA0A22-E641-45A8-8E58-DDE2B6E4D058}.Release-final|Win32.ActiveCfg = Release-final|Win32
		{ECFA0A22-E641-45A8-8E58-DDE2B6E4D058}.Release-final|Win32.Build.0 = Release-final|Win32
		{ECFA0A22-E641-45A8-8E58-DDE2B6E4D058}.Release-final|x64.ActiveCfg = Release-final|x64
		{ECFA0A22-E641-45A8-8E58-DDE2B6E4D058}.Release-final|x64.Build.0 = Release-final|x64
		{ECFA0A22-E641-45A8-8E58-DDE2B6E4D058}.Release-final|x86.ActiveCfg = Release-final|Win32
		{ECFA0A22-E641-45A8-8E58-DDE2B6E4D058}.Release-final|x86.Build.0 = Release-final|Win32
		{8DA9E727-AADE-4B76-9784-E49B289A8BB7}.Debug|Win32.ActiveCfg = Debug|Any CPU
		{8DA9E727-AADE-4B76-9784-E49B289A8BB7}.Debug|Win32.Build.0 = Debug|Any CPU
		{8DA9E727-AADE-4B76-9784-E49B289A8BB7}.Debug|x64.ActiveCfg = Debug|Any CPU
		{8DA9E727-AADE-4B76-9784-E49B289A8BB7}.Debug|x64.Build.0 = Debug|Any CPU
		{8DA9E727-AADE-4B76-9784-E49B289A8BB7}.Debug|x86.ActiveCfg = Debug|Any CPU
		{8DA9E727-AADE-4B76-9784-E49B289A8BB7}.Debug|x86.Build.0 = Debug|Any CPU
		{8DA9E727-AADE-4B76-9784-E49B289A8BB7}.Release|Win32.ActiveCfg = Release|Any CPU
		{8DA9E727-AADE-4B76-9784-E49B289A8BB7}.Release|Win32.Build.0 = Release|Any CPU
		{8DA9E727-AADE-4B76-9784-E49B289A8BB7}.Release|x64.ActiveCfg = Release|Any CPU
		{8DA9E727-AADE-4B76-9784-E49B289A8BB7}.Release|x64.Build.0 = Release|Any CPU
		{8DA9E727-AADE-4B76-9784-E49B289A8BB7}.Release|x86.ActiveCfg = Release|Any CPU
		{8DA9E727-AADE-4B76-9784-E49B289A8BB7}.Release|x86.Build.0 = Release|Any CPU
		{8DA9E727-AADE-4B76-9784-E49B289A8BB7}.Release-final|Win32.ActiveCfg = Release-final|Any CPU
		{8DA9E727-AADE-4B76-9784-E49B289A8BB7}.Release-final|Win32.Build.0 = Release-final|Any CPU
		{8DA9E727-AADE-4B76-9784-E49B289A8BB7}.Release-final|x64.ActiveCfg = Release-final|Any CPU
		{8DA9E727-AADE-4B76-9784-E49B289A8BB7}.Release-final|x64.Build.0 = Release-final|Any CPU
		{8DA9E727-AADE-4B76-9784-E49B289A8BB7}.Release-final|x86.ActiveCfg = Release-final|Any CPU
		{8DA9E727-AADE-4B76-9784-E49B289A8BB7}.Release-final|x86.Build.0 = Release-final|Any CPU
		{3E8BE8F2-6DB8-4E4B-ABF5-C6B133F8ED40}.Debug|Win32.ActiveCfg = Debug|Any CPU
		{3E8BE8F2-6DB8-4E4B-ABF5-C6B133F8ED40}.Debug|Win32.Build.0 = Debug|Any CPU
		{3E8BE8F2-6DB8-4E4B-ABF5-C6B133F8ED40}.Debug|x64.ActiveCfg = Debug|Any CPU
		{3E8BE8F2-6DB8-4E4B-ABF5-C6B133F8ED40}.Debug|x64.Build.0 = Debug|Any CPU
		{3E8BE8F2-6DB8-4E4B-ABF5-C6B133F8ED40}.Debug|x86.ActiveCfg = Debug|Any CPU
		{3E8BE8F2-6DB8-4E4B-ABF5-C6B133F8ED40}.Debug|x86.Build.0 = Debug|Any CPU
		{3E8BE8F2-6DB8-4E4B-ABF5-C6B133F8ED40}.Release|Win32.ActiveCfg = Release|Any CPU
		{3E8BE8F2-6DB8-4E4B-ABF5-C6B133F8ED40}.Release|Win32.Build.0 = Release|Any CPU
		{3E8BE8F2-6DB8-4E4B-ABF5-C6B133F8ED40}.Release|x64.ActiveCfg = Release|Any CPU
		{3E8BE8F2-6DB8-4E4B-ABF5-C6B133F8ED40}.Release|x64.Build.0 = Release|Any CPU
		{3E8BE8F2-6DB8-4E4B-ABF5-C6B133F8ED40}.Release|x86.ActiveCfg = Release|Any CPU
		{3E8BE8F2-6DB8-4E4B-ABF5-C6B133F8ED40}.Release|x86.Build.0 = Release|Any CPU
		{3E8BE8F2-6DB8-4E4B-ABF5-C6B133F8ED40}.Release-final|Win32.ActiveCfg = Release-final|Any CPU
		{3E8BE8F2-6DB8-4E4B-ABF5-C6B133F8ED40}.Release-final|Win32.Build.0 = Release-final|Any CPU
		{3E8BE8F2-6DB8-4E4B-ABF5-C6B133F8ED40}.Release-final|x64.ActiveCfg = Release-final|Any CPU
		{3E8BE8F2-6DB8-4E4B-ABF5-C6B133F8ED40}.Release-final|x64.Build.0 = Release-final|Any CPU
		{3E8BE8F2-6DB8-4E4B-ABF5-C6B133F8ED40}.Release-final|x86.ActiveCfg = Release-final|Any CPU
		{3E8BE8F2-6DB8-4E4B-ABF5-C6B133F8ED40}.Release-final|x86.Build.0 = Release-final|Any CPU
		{3E38024B-FBF1-4B01-80ED-248267443F1C}.Debug|Win32.ActiveCfg = Debug|Any CPU
		{3E38024B-FBF1-4B01-80ED-248267443F1C}.Debug|Win32.Build.0 = Debug|Any CPU
		{3E38024B-FBF1-4B01-80ED-248267443F1C}.Debug|x64.ActiveCfg = Debug|Any CPU
		{3E38024B-FBF1-4B01-80ED-248267443F1C}.Debug|x64.Build.0 = Debug|Any CPU
		{3E38024B-FBF1-4B01-80ED-248267443F1C}.Debug|x86.ActiveCfg = Debug|Any CPU
		{3E38024B-FBF1-4B01-80ED-248267443F1C}.Debug|x86.Build.0 = Debug|Any CPU
		{3E38024B-FBF1-4B01-80ED-248267443F1C}.Release|Win32.ActiveCfg = Release|Any CPU
		{3E38024B-FBF1-4B01-80ED-248267443F1C}.Release|Win32.Build.0 = Release|Any CPU
		{3E38024B-FBF1-4B01-80ED-248267443F1C}.Release|x64.ActiveCfg = Release|Any CPU
		{3E38024B-FBF1-4B01-80ED-248267443F1C}.Release|x64.Build.0 = Release|Any CPU
		{3E38024B-FBF1-4B01-80ED-248267443F1C}.Release|x86.ActiveCfg = Release|Any CPU
		{3E38024B-FBF1-4B01-80ED-248267443F1C}.Release|x86.Build.0 = Release|Any CPU
		{3E38024B-FBF1-4B01-80ED-248267443F1C}.Release-final|Win32.ActiveCfg = Release-final|Any CPU
		{3E38024B-FBF1-4B01-80ED-248267443F1C}.Release-final|Win32.Build.0 = Release-final|Any CPU
		{3E38024B-FBF1-4B01-80ED-248267443F1C}.Release-final|x64.ActiveCfg = Release-final|Any CPU
		{3E38024B-FBF1-4B01-80ED-248267443F1C}.Release-final|x64.Build.0 = Release-final|Any CPU
		{3E38024B-FBF1-4B01-80ED-248267443F1C}.Release-final|x86.ActiveCfg = Release-final|Any CPU
		{3E38024B-FBF1-4B01-80ED-248267443F1C}.Release-final|x86.Build.0 = Release-final|Any CPU
		{128782A3-F87A-4E5E-8152-8BC0D782B30E}.Debug|Win32.ActiveCfg = Debug|x64
		{128782A3-F87A-4E5E-8152-8BC0D782B30E}.Debug|Win32.Build.0 = Debug|x64
		{128782A3-F87A-4E5E-8152-8BC0D782B30E}.Debug|x64.ActiveCfg = Debug|x64
		{128782A3-F87A-4E5E-8152-8BC0D782B30E}.Debug|x64.Build.0 = Debug|x64
		{128782A3-F87A-4E5E-8152-8BC0D782B30E}.Debug|x86.ActiveCfg = Debug|x64
		{128782A3-F87A-4E5E-8152-8BC0D782B30E}.Debug|x86.Build.0 = Debug|x64
		{128782A3-F87A-4E5E-8152-8BC0D782B30E}.Release|Win32.ActiveCfg = Release|x64
		{128782A3-F87A-4E5E-8152-8BC0D782B30E}.Release|Win32.Build.0 = Release|x64
		{128782A3-F87A-4E5E-8152-8BC0D782B30E}.Release|x64.ActiveCfg = Release|x64
		{128782A3-F87A-4E5E-8152-8BC0D782B30E}.Release|x64.Build.0 = Release|x64
		{128782A3-F87A-4E5E-8152-8BC0D782B30E}.Release|x86.ActiveCfg = Release|x64
		{128782A3-F87A-4E5E-8152-8BC0D782B30E}.Release|x86.Build.0 = Release|x64
		{128782A3-F87A-4E5E-8152-8BC0D782B30E}.Release-final|Win32.ActiveCfg = Release-final|x64
		{128782A3-F87A-4E5E-8152-8BC0D782B30E}.Release-final|Win32.Build.0 = Release-final|x64
		{128782A3-F87A-4E5E-8152-8BC0D782B30E}.Release-final|x64.ActiveCfg = Release-final|x64
		{128782A3-F87A-4E5E-8152-8BC0D782B30E}.Release-final|x64.Build.0 = Release-final|x64
		{128782A3-F87A-4E5E-8152-8BC0D782B30E}.Release-final|x86.ActiveCfg = Release-final|x64
		{128782A3-F87A-4E5E-8152-8BC0D782B30E}.Release-final|x86.Build.0 = Release-final|x64
		{77491BC2-A38E-449D-932E-AE1943E60A80}.Debug|Win32.ActiveCfg = Debug|Any CPU
		{77491BC2-A38E-449D-932E-AE1943E60A80}.Debug|Win32.Build.0 = Debug|Any CPU
		{77491BC2-A38E-449D-932E-AE1943E60A80}.Debug|x64.ActiveCfg = Debug|Any CPU
		{77491BC2-A38E-449D-932E-AE1943E60A80}.Debug|x64.Build.0 = Debug|Any CPU
		{77491BC2-A38E-449D-932E-AE1943E60A80}.Debug|x86.ActiveCfg = Debug|Any CPU
		{77491BC2-A38E-449D-932E-AE1943E60A80}.Debug|x86.Build.0 = Debug|Any CPU
		{77491BC2-A38E-449D-932E-AE1943E60A80}.Release|Win32.ActiveCfg = Release|Any CPU
		{77491BC2-A38E-449D-932E-AE1943E60A80}.Release|Win32.Build.0 = Release|Any CPU
		{77491BC2-A38E-449D-932E-AE1943E60A80}.Release|x64.ActiveCfg = Release|Any CPU
		{77491BC2-A38E-449D-932E-AE1943E60A80}.Release|x64.Build.0 = Release|Any CPU
		{77491BC2-A38E-449D-932E-AE1943E60A80}.Release|x86.ActiveCfg = Release|Any CPU
		{77491BC2-A38E-449D-932E-AE1943E60A80}.Release|x86.Build.0 = Release|Any CPU
		{77491BC2-A38E-449D-932E-AE1943E60A80}.Release-final|Win32.ActiveCfg = Release-final|Any CPU
		{77491BC2-A38E-449D-932E-AE1943E60A80}.Release-final|Win32.Build.0 = Release-final|Any CPU
		{77491BC2-A38E-449D-932E-AE1943E60A80}.Release-final|x64.ActiveCfg = Release-final|Any CPU
		{77491BC2-A38E-449D-932E-AE1943E60A80}.Release-final|x64.Build.0 = Release-final|Any CPU
		{77491BC2-A38E-449D-932E-AE1943E60A80}.Release-final|x86.ActiveCfg = Release-final|Any CPU
		{77491BC2-A38E-449D-932E-AE1943E60A80}.Release-final|x86.Build.0 = Release-final|Any CPU
		{D43F85BA-A059-4B0E-A166-8527B9B7EE56}.Debug|Win32.ActiveCfg = Debug|Win32
		{D43F85BA-A059-4B0E-A166-8527B9B7EE56}.Debug|Win32.Build.0 = Debug|Win32
		{D43F85BA-A059-4B0E-A166-8527B9B7EE56}.Debug|x64.ActiveCfg = Debug|x64
		{D43F85BA-A059-4B0E-A166-8527B9B7EE56}.Debug|x64.Build.0 = Debug|x64
		{D43F85BA-A059-4B0E-A166-8527B9B7EE56}.Debug|x86.ActiveCfg = Debug|Win32
		{D43F85BA-A059-4B0E-A166-8527B9B7EE56}.Debug|x86.Build.0 = Debug|Win32
		{D43F85BA-A059-4B0E-A166-8527B9B7EE56}.Release|Win32.ActiveCfg = Release|Win32
		{D43F85BA-A059-4B0E-A166-8527B9B7EE56}.Release|Win32.Build.0 = Release|Win32
		{D43F85BA-A059-4B0E-A166-8527B9B7EE56}.Release|x64.ActiveCfg = Release|Win32
		{D43F85BA-A059-4B0E-A166-8527B9B7EE56}.Release|x64.Build.0 = Release|Win32
		{D43F85BA-A059-4B0E-A166-8527B9B7EE56}.Release|x86.ActiveCfg = Release|Win32
		{D43F85BA-A059-4B0E-A166-8527B9B7EE56}.Release|x86.Build.0 = Release|Win32
		{D43F85BA-A059-4B0E-A166-8527B9B7EE56}.Release-final|Win32.ActiveCfg = Release|Win32
		{D43F85BA-A059-4B0E-A166-8527B9B7EE56}.Release-final|Win32.Build.0 = Release|Win32
		{D43F85BA-A059-4B0E-A166-8527B9B7EE56}.Release-final|x64.ActiveCfg = Release|x64
		{D43F85BA-A059-4B0E-A166-8527B9B7EE56}.Release-final|x64.Build.0 = Release|x64
		{D43F85BA-A059-4B0E-A166-8527B9B7EE56}.Release-final|x86.ActiveCfg = Release|Win32
		{D43F85BA-A059-4B0E-A166-8527B9B7EE56}.Release-final|x86.Build.0 = Release|Win32
	EndGlobalSection
	GlobalSection(SolutionProperties) = preSolution
		HideSolutionNode = FALSE
	EndGlobalSection
	GlobalSection(ExtensibilityGlobals) = postSolution
		SolutionGuid = {5DC38C87-F79B-451B-94AC-7C51D6111947}
	EndGlobalSection
EndGlobal
